
Microsoft Visual Studio Solution File, Format Version 12.00
# Visual Studio Version 17
VisualStudioVersion = 17.1.32228.430
MinimumVisualStudioVersion = 10.0.40219.1
Project("{FAE04EC0-301F-11D3-BF4B-00C04F79EFBC}") = "ConsoleApp1", "ConsoleApp1\ConsoleApp1.csproj", "{DE0D3DCB-40D8-4103-8D11-B740D5FA97F9}"
EndProject
Global
	GlobalSection(SolutionConfigurationPlatforms) = preSolution
		Debug|Any CPU = Debug|Any CPU
		Release|Any CPU = Release|Any CPU
	EndGlobalSection
	GlobalSection(ProjectConfigurationPlatforms) = postSolution
		{DE0D3DCB-40D8-4103-8D11-B740D5FA97F9}.Debug|Any CPU.ActiveCfg = Debug|Any CPU
		{DE0D3DCB-40D8-4103-8D11-B740D5FA97F9}.Debug|Any CPU.Build.0 = Debug|Any CPU
		{DE0D3DCB-40D8-4103-8D11-B740D5FA97F9}.Release|Any CPU.ActiveCfg = Release|Any CPU
		{DE0D3DCB-40D8-4103-8D11-B740D5FA97F9}.Release|Any CPU.Build.0 = Release|Any CPU
	EndGlobalSection
	GlobalSection(SolutionProperties) = preSolution
		HideSolutionNode = FALSE
	EndGlobalSection
	GlobalSection(ExtensibilityGlobals) = postSolution
		SolutionGuid = {CBC5F969-4066-450D-B363-0DB4A5B92F83}
	EndGlobalSection
EndGlobal
